// !$*UTF8*$!
{
	archiveVersion = 1;
	classes = {
	};
	objectVersion = 46;
	objects = {

/* Begin PBXAggregateTarget section */
		7B7775751899BE6E002A4CBC /* ModularCLI */ = {
			isa = PBXAggregateTarget;
			buildConfigurationList = 7B7775761899BE6F002A4CBC /* Build configuration list for PBXAggregateTarget "ModularCLI" */;
			buildPhases = (
				7B7775791899BE7A002A4CBC /* ShellScript */,
			);
			dependencies = (
				7B791B42189AA01000BA9FBA /* PBXTargetDependency */,
			);
			name = ModularCLI;
			productName = "Build CLI";
		};
/* End PBXAggregateTarget section */

/* Begin PBXBuildFile section */
		7B302F1F18961BDB0050EAF7 /* ModularFramework.h in Headers */ = {isa = PBXBuildFile; fileRef = 7BEB40C9185799C600AF7C34 /* ModularFramework.h */; settings = {ATTRIBUTES = (Public, ); }; };
		7B302F3A1896501E0050EAF7 /* ModularSubLibrary.m in Sources */ = {isa = PBXBuildFile; fileRef = 7B302F391896501E0050EAF7 /* ModularSubLibrary.m */; };
		7B302F56189650B40050EAF7 /* ModularSubLibrary.h in Headers */ = {isa = PBXBuildFile; fileRef = 7B302F381896501E0050EAF7 /* ModularSubLibrary.h */; settings = {ATTRIBUTES = (Public, ); }; };
		7B3EE33D189AAE370011F7DA /* ModularApp.xib in Resources */ = {isa = PBXBuildFile; fileRef = 7B3EE33C189AAE370011F7DA /* ModularApp.xib */; };
		7BB6588F189452DB0005DC6E /* LLVM.logo.icns in Resources */ = {isa = PBXBuildFile; fileRef = 7BE5C6D81893831700826BE8 /* LLVM.logo.icns */; };
		7BC459491AD689400097F508 /* libModularSubLibrary.a in Frameworks */ = {isa = PBXBuildFile; fileRef = 7BC459441AD689260097F508 /* libModularSubLibrary.a */; };
		7BD621191903AD2E004FB78D /* ModularSubLibrary.h in Headers */ = {isa = PBXBuildFile; fileRef = 7B302F381896501E0050EAF7 /* ModularSubLibrary.h */; };
		7BD6211A1903AD3E004FB78D /* ModularFramework.m in Sources */ = {isa = PBXBuildFile; fileRef = 7BD621151903AB05004FB78D /* ModularFramework.m */; };
		7BD6211B1903AD4B004FB78D /* SubUmbrella.m in Sources */ = {isa = PBXBuildFile; fileRef = 7BEB40CA185799C600AF7C34 /* SubUmbrella.m */; };
		7BD621211903AE47004FB78D /* SubUmbrella.h in Headers */ = {isa = PBXBuildFile; fileRef = 7BD6211F1903AE47004FB78D /* SubUmbrella.h */; settings = {ATTRIBUTES = (Public, ); }; };
		7BEB406B18578E5800AF7C34 /* ModularApp.m in Sources */ = {isa = PBXBuildFile; fileRef = 7BEB406A18578E5800AF7C34 /* ModularApp.m */; };
/* End PBXBuildFile section */

/* Begin PBXContainerItemProxy section */
		7B791B41189AA01000BA9FBA /* PBXContainerItemProxy */ = {
			isa = PBXContainerItemProxy;
			containerPortal = 7BEB404C18578E5800AF7C34 /* Project object */;
			proxyType = 1;
			remoteGlobalIDString = 7BEB40BF185799C500AF7C34;
			remoteInfo = ModularFramework;
		};
		7B9F08FE189454D7000F35BA /* PBXContainerItemProxy */ = {
			isa = PBXContainerItemProxy;
			containerPortal = 7BEB404C18578E5800AF7C34 /* Project object */;
			proxyType = 1;
			remoteGlobalIDString = 7BEB40BF185799C500AF7C34;
			remoteInfo = ModularFramework;
		};
		7BC459451AD689270097F508 /* PBXContainerItemProxy */ = {
			isa = PBXContainerItemProxy;
			containerPortal = 7BC4A0751903CEAE001304AD /* SubSubUmbrella.xcodeproj */;
			proxyType = 2;
			remoteGlobalIDString = 7BC459421AD689260097F508;
			remoteInfo = SubSubUmbrella;
		};
		7BC459471AD689360097F508 /* PBXContainerItemProxy */ = {
			isa = PBXContainerItemProxy;
			containerPortal = 7BEB404C18578E5800AF7C34 /* Project object */;
			proxyType = 1;
			remoteGlobalIDString = 7B302F2C1896501D0050EAF7;
			remoteInfo = ModularSubLibrary;
		};
		7BC4A0881903D11A001304AD /* PBXContainerItemProxy */ = {
			isa = PBXContainerItemProxy;
			containerPortal = 7BC4A0751903CEAE001304AD /* SubSubUmbrella.xcodeproj */;
			proxyType = 1;
			remoteGlobalIDString = 7BC4A0461903CEAE001304AD;
			remoteInfo = SubSubUmbrella;
		};
		7BD621171903AC0F004FB78D /* PBXContainerItemProxy */ = {
			isa = PBXContainerItemProxy;
			containerPortal = 7BEB404C18578E5800AF7C34 /* Project object */;
			proxyType = 1;
			remoteGlobalIDString = 7BD621021903AAB8004FB78D;
			remoteInfo = SubUmbrellaFramework;
		};
/* End PBXContainerItemProxy section */

/* Begin PBXCopyFilesBuildPhase section */
		7BC4A08A1903D123001304AD /* CopyFiles */ = {
			isa = PBXCopyFilesBuildPhase;
			buildActionMask = 2147483647;
			dstPath = "";
			dstSubfolderSpec = 10;
			files = (
			);
			runOnlyForDeploymentPostprocessing = 0;
		};
/* End PBXCopyFilesBuildPhase section */

/* Begin PBXFileReference section */
		7B302F381896501E0050EAF7 /* ModularSubLibrary.h */ = {isa = PBXFileReference; lastKnownFileType = sourcecode.c.h; path = ModularSubLibrary.h; sourceTree = "<group>"; };
		7B302F391896501E0050EAF7 /* ModularSubLibrary.m */ = {isa = PBXFileReference; lastKnownFileType = sourcecode.c.objc; path = ModularSubLibrary.m; sourceTree = "<group>"; };
		7B3EE33C189AAE370011F7DA /* ModularApp.xib */ = {isa = PBXFileReference; fileEncoding = 4; lastKnownFileType = file.xib; name = ModularApp.xib; path = ModularApp/ModularApp.xib; sourceTree = "<group>"; };
		7B6B3F99189B01E3003B3C45 /* ModularApp.app */ = {isa = PBXFileReference; explicitFileType = wrapper.application; includeInIndex = 0; path = ModularApp.app; sourceTree = BUILT_PRODUCTS_DIR; };
		7B6B3F9A189B01E3003B3C45 /* ModularFramework.framework */ = {isa = PBXFileReference; explicitFileType = wrapper.framework; includeInIndex = 0; path = ModularFramework.framework; sourceTree = BUILT_PRODUCTS_DIR; };
		7B77757A1899C152002A4CBC /* ModularCLI.m */ = {isa = PBXFileReference; lastKnownFileType = sourcecode.c.objc; path = ModularCLI.m; sourceTree = "<group>"; };
		7BC459431AD689260097F508 /* SubUmbrella.framework */ = {isa = PBXFileReference; explicitFileType = wrapper.framework; includeInIndex = 0; path = SubUmbrella.framework; sourceTree = BUILT_PRODUCTS_DIR; };
		7BC459441AD689260097F508 /* libModularSubLibrary.a */ = {isa = PBXFileReference; explicitFileType = archive.ar; includeInIndex = 0; path = libModularSubLibrary.a; sourceTree = BUILT_PRODUCTS_DIR; };
		7BC4A0751903CEAE001304AD /* SubSubUmbrella.xcodeproj */ = {isa = PBXFileReference; lastKnownFileType = "wrapper.pb-project"; name = SubSubUmbrella.xcodeproj; path = SubUmbrella/SubSubUmbrella/SubSubUmbrella.xcodeproj; sourceTree = SOURCE_ROOT; };
		7BD621151903AB05004FB78D /* ModularFramework.m */ = {isa = PBXFileReference; fileEncoding = 4; lastKnownFileType = sourcecode.c.objc; name = ModularFramework.m; path = ModularFramework/ModularFramework.m; sourceTree = "<group>"; };
		7BD6211F1903AE47004FB78D /* SubUmbrella.h */ = {isa = PBXFileReference; fileEncoding = 4; lastKnownFileType = sourcecode.c.h; path = SubUmbrella.h; sourceTree = "<group>"; };
		7BE5C6D81893831700826BE8 /* LLVM.logo.icns */ = {isa = PBXFileReference; lastKnownFileType = image.icns; name = LLVM.logo.icns; path = ModularFramework/Icon/LLVM.logo.icns; sourceTree = "<group>"; };
		7BEB405F18578E5800AF7C34 /* ModularApp-Info.plist */ = {isa = PBXFileReference; lastKnownFileType = text.plist.xml; name = "ModularApp-Info.plist"; path = "ModularApp/ModularApp-Info.plist"; sourceTree = "<group>"; };
		7BEB406A18578E5800AF7C34 /* ModularApp.m */ = {isa = PBXFileReference; lastKnownFileType = sourcecode.c.objc; name = ModularApp.m; path = ModularApp/ModularApp.m; sourceTree = "<group>"; };
		7BEB40C4185799C600AF7C34 /* ModularFramework-Info.plist */ = {isa = PBXFileReference; lastKnownFileType = text.plist.xml; name = "ModularFramework-Info.plist"; path = "ModularFramework/ModularFramework-Info.plist"; sourceTree = "<group>"; };
		7BEB40C9185799C600AF7C34 /* ModularFramework.h */ = {isa = PBXFileReference; lastKnownFileType = sourcecode.c.h; name = ModularFramework.h; path = ModularFramework/ModularFramework.h; sourceTree = "<group>"; };
		7BEB40CA185799C600AF7C34 /* SubUmbrella.m */ = {isa = PBXFileReference; lastKnownFileType = sourcecode.c.objc; path = SubUmbrella.m; sourceTree = "<group>"; };
/* End PBXFileReference section */

/* Begin PBXFrameworksBuildPhase section */
		7B77757B1899E812002A4CBC /* Frameworks */ = {
			isa = PBXFrameworksBuildPhase;
			buildActionMask = 2147483647;
			files = (
				7BC459491AD689400097F508 /* libModularSubLibrary.a in Frameworks */,
			);
			runOnlyForDeploymentPostprocessing = 0;
		};
/* End PBXFrameworksBuildPhase section */

/* Begin PBXGroup section */
		7B1DBB5B1AD675D800E62A09 /* ModularFramework Resources */ = {
			isa = PBXGroup;
			children = (
				7B6B3F9A189B01E3003B3C45 /* ModularFramework.framework */,
				7BEB40C4185799C600AF7C34 /* ModularFramework-Info.plist */,
				7BE5C6D81893831700826BE8 /* LLVM.logo.icns */,
			);
			name = "ModularFramework Resources";
			sourceTree = "<group>";
		};
		7B302F351896501E0050EAF7 /* ModularSubLibrary */ = {
			isa = PBXGroup;
			children = (
				7BC459441AD689260097F508 /* libModularSubLibrary.a */,
				7B302F381896501E0050EAF7 /* ModularSubLibrary.h */,
				7B302F391896501E0050EAF7 /* ModularSubLibrary.m */,
			);
			path = ModularSubLibrary;
			sourceTree = "<group>";
		};
		7BC4593B1AD67AF70097F508 /* ModularApp Resources */ = {
			isa = PBXGroup;
			children = (
				7B6B3F99189B01E3003B3C45 /* ModularApp.app */,
				7B3EE33C189AAE370011F7DA /* ModularApp.xib */,
				7BEB405F18578E5800AF7C34 /* ModularApp-Info.plist */,
			);
			name = "ModularApp Resources";
			sourceTree = "<group>";
		};
		7BC4A0761903CEAE001304AD /* Products */ = {
			isa = PBXGroup;
			children = (
				7BC459461AD689270097F508 /* SubSubUmbrella.framework */,
			);
			name = Products;
			sourceTree = "<group>";
		};
		7BC4A0971903E7FE001304AD /* ModularFramework */ = {
			isa = PBXGroup;
			children = (
				7B1DBB5B1AD675D800E62A09 /* ModularFramework Resources */,
				7BEB40C9185799C600AF7C34 /* ModularFramework.h */,
				7BD621151903AB05004FB78D /* ModularFramework.m */,
				7B302F351896501E0050EAF7 /* ModularSubLibrary */,
				7BD6211D1903ADF8004FB78D /* SubUmbrella */,
			);
			name = ModularFramework;
			sourceTree = "<group>";
		};
		7BD6211D1903ADF8004FB78D /* SubUmbrella */ = {
			isa = PBXGroup;
			children = (
				7BC459431AD689260097F508 /* SubUmbrella.framework */,
				7BD6211F1903AE47004FB78D /* SubUmbrella.h */,
				7BEB40CA185799C600AF7C34 /* SubUmbrella.m */,
				7BC4A0751903CEAE001304AD /* SubSubUmbrella.xcodeproj */,
			);
			name = SubUmbrella;
			path = ModularFramework;
			sourceTree = "<group>";
		};
		7BEB404B18578E5800AF7C34 = {
			isa = PBXGroup;
			children = (
				7B77757A1899C152002A4CBC /* ModularCLI.m */,
				7BEB406A18578E5800AF7C34 /* ModularApp.m */,
				7BC4593B1AD67AF70097F508 /* ModularApp Resources */,
				7BC4A0971903E7FE001304AD /* ModularFramework */,
			);
			sourceTree = "<group>";
		};
/* End PBXGroup section */

/* Begin PBXHeadersBuildPhase section */
		7B302F2B1896501D0050EAF7 /* Headers */ = {
			isa = PBXHeadersBuildPhase;
			buildActionMask = 2147483647;
			files = (
				7BD621191903AD2E004FB78D /* ModularSubLibrary.h in Headers */,
			);
			runOnlyForDeploymentPostprocessing = 0;
		};
		7BD621091903AAB8004FB78D /* Headers */ = {
			isa = PBXHeadersBuildPhase;
			buildActionMask = 2147483647;
			files = (
				7BD621211903AE47004FB78D /* SubUmbrella.h in Headers */,
			);
			runOnlyForDeploymentPostprocessing = 0;
		};
		7BEB40BD185799C500AF7C34 /* Headers */ = {
			isa = PBXHeadersBuildPhase;
			buildActionMask = 2147483647;
			files = (
				7B302F1F18961BDB0050EAF7 /* ModularFramework.h in Headers */,
				7B302F56189650B40050EAF7 /* ModularSubLibrary.h in Headers */,
			);
			runOnlyForDeploymentPostprocessing = 0;
		};
/* End PBXHeadersBuildPhase section */

/* Begin PBXNativeTarget section */
		7B302F2C1896501D0050EAF7 /* ModularSubLibrary */ = {
			isa = PBXNativeTarget;
			buildConfigurationList = 7B302F4E1896501E0050EAF7 /* Build configuration list for PBXNativeTarget "ModularSubLibrary" */;
			buildPhases = (
				7B302F291896501D0050EAF7 /* Sources */,
				7B302F2B1896501D0050EAF7 /* Headers */,
			);
			buildRules = (
			);
			dependencies = (
			);
			name = ModularSubLibrary;
			productName = ModularSubLibrary;
			productReference = 7BC459441AD689260097F508 /* libModularSubLibrary.a */;
			productType = "com.apple.product-type.library.static";
		};
		7BD621021903AAB8004FB78D /* SubUmbrella */ = {
			isa = PBXNativeTarget;
			buildConfigurationList = 7BD621111903AAB8004FB78D /* Build configuration list for PBXNativeTarget "SubUmbrella" */;
			buildPhases = (
				7BD621051903AAB8004FB78D /* Sources */,
				7BD621091903AAB8004FB78D /* Headers */,
				7BC4A08A1903D123001304AD /* CopyFiles */,
			);
			buildRules = (
			);
			dependencies = (
				7BC4A0891903D11A001304AD /* PBXTargetDependency */,
			);
			name = SubUmbrella;
			productName = ModularFramework;
			productReference = 7BC459431AD689260097F508 /* SubUmbrella.framework */;
			productType = "com.apple.product-type.framework";
		};
		7BEB405318578E5800AF7C34 /* ModularApp */ = {
			isa = PBXNativeTarget;
			buildConfigurationList = 7BEB408518578E5900AF7C34 /* Build configuration list for PBXNativeTarget "ModularApp" */;
			buildPhases = (
				7BE5C6DD1894499900826BE8 /* Run Script OFF */,
				7BEB405218578E5800AF7C34 /* Resources */,
				7BEB405018578E5800AF7C34 /* Sources */,
				7B50D3ED189B39D400B43467 /* Purge Cache on Fail */,
			);
			buildRules = (
			);
			dependencies = (
				7B9F08FF189454D7000F35BA /* PBXTargetDependency */,
			);
			name = ModularApp;
			productName = "Clang Modules Test";
			productReference = 7B6B3F99189B01E3003B3C45 /* ModularApp.app */;
			productType = "com.apple.product-type.application";
		};
		7BEB40BF185799C500AF7C34 /* ModularFramework */ = {
			isa = PBXNativeTarget;
			buildConfigurationList = 7BEB40DE185799C900AF7C34 /* Build configuration list for PBXNativeTarget "ModularFramework" */;
			buildPhases = (
				7BEB40BB185799C500AF7C34 /* Sources */,
				7B77757B1899E812002A4CBC /* Frameworks */,
				7BEB40BD185799C500AF7C34 /* Headers */,
				7BEB40E718579DD800AF7C34 /* Run Script OFF */,
				7BB6588E189452CF0005DC6E /* Resources */,
			);
			buildRules = (
			);
			dependencies = (
				7BC459481AD689360097F508 /* PBXTargetDependency */,
				7BD621181903AC0F004FB78D /* PBXTargetDependency */,
			);
			name = ModularFramework;
			productName = ModularFramework;
			productReference = 7B6B3F9A189B01E3003B3C45 /* ModularFramework.framework */;
			productType = "com.apple.product-type.framework";
		};
/* End PBXNativeTarget section */

/* Begin PBXProject section */
		7BEB404C18578E5800AF7C34 /* Project object */ = {
			isa = PBXProject;
			attributes = {
				LastUpgradeCheck = 0630;
				ORGANIZATIONNAME = "Alex Gray";
			};
			buildConfigurationList = 7BEB404F18578E5800AF7C34 /* Build configuration list for PBXProject "ObjC-Clang-Modules" */;
			compatibilityVersion = "Xcode 3.2";
			developmentRegion = English;
			hasScannedForEncodings = 0;
			knownRegions = (
				en,
				Base,
			);
			mainGroup = 7BEB404B18578E5800AF7C34;
			productRefGroup = 7BEB404B18578E5800AF7C34;
			projectDirPath = "";
			projectReferences = (
				{
					ProductGroup = 7BC4A0761903CEAE001304AD /* Products */;
					ProjectRef = 7BC4A0751903CEAE001304AD /* SubSubUmbrella.xcodeproj */;
				},
			);
			projectRoot = "";
			targets = (
				7BEB405318578E5800AF7C34 /* ModularApp */,
				7BEB40BF185799C500AF7C34 /* ModularFramework */,
				7BD621021903AAB8004FB78D /* SubUmbrella */,
				7B302F2C1896501D0050EAF7 /* ModularSubLibrary */,
				7B7775751899BE6E002A4CBC /* ModularCLI */,
			);
		};
/* End PBXProject section */

/* Begin PBXReferenceProxy section */
		7BC459461AD689270097F508 /* SubSubUmbrella.framework */ = {
			isa = PBXReferenceProxy;
			fileType = wrapper.framework;
			path = SubSubUmbrella.framework;
			remoteRef = 7BC459451AD689270097F508 /* PBXContainerItemProxy */;
			sourceTree = BUILT_PRODUCTS_DIR;
		};
/* End PBXReferenceProxy section */

/* Begin PBXResourcesBuildPhase section */
		7BB6588E189452CF0005DC6E /* Resources */ = {
			isa = PBXResourcesBuildPhase;
			buildActionMask = 2147483647;
			files = (
				7BB6588F189452DB0005DC6E /* LLVM.logo.icns in Resources */,
			);
			runOnlyForDeploymentPostprocessing = 0;
		};
		7BEB405218578E5800AF7C34 /* Resources */ = {
			isa = PBXResourcesBuildPhase;
			buildActionMask = 2147483647;
			files = (
				7B3EE33D189AAE370011F7DA /* ModularApp.xib in Resources */,
			);
			runOnlyForDeploymentPostprocessing = 0;
		};
/* End PBXResourcesBuildPhase section */

/* Begin PBXShellScriptBuildPhase section */
		7B50D3ED189B39D400B43467 /* Purge Cache on Fail */ = {
			isa = PBXShellScriptBuildPhase;
			buildActionMask = 8;
			files = (
			);
			inputPaths = (
			);
			name = "Purge Cache on Fail";
			outputPaths = (
			);
			runOnlyForDeploymentPostprocessing = 1;
			shellPath = /bin/sh;
			shellScript = "#XBIN=\"${CODESIGNING_FOLDER_PATH}/../${EXECUTABLE_PATH}\"\n#eval \"otool -l $XBIN 2>&1 > /dev/null\"\n#EXIT=$?\n#if  [ $EXIT -ne 0 ]; then xcodebuild -target \"Clean Module Cache\"; else logger \"ret_code = $EXIT\"; fi\n\n#logger \"$(env |  grep ModularApp)\"\n#/Library/Frameworks/AtoZ.framework/AtoZ#STATUS=$()";
		};
		7B7775791899BE7A002A4CBC /* ShellScript */ = {
			isa = PBXShellScriptBuildPhase;
			buildActionMask = 2147483647;
			files = (
			);
			inputPaths = (
			);
			outputPaths = (
			);
			runOnlyForDeploymentPostprocessing = 0;
			shellPath = /bin/sh;
			shellScript = "#chmod +x \"${SRCROOT}/ModularCLI.m\" \"${SRCROOT}/ModularCLI.m\"\n\n\n#/sd/UNIX/bin/prompt \"$(ls ${BUILT_PRODUCTS_DIR})\"\n\n#clang -fmodules \"${SRCROOT}/ModularCLI.m\" -o \"${BUILT_PRODUCTS_DIR}/${TARGET_NAME}\"\n\n#X=$(\"${BUILT_PRODUCTS_DIR}/${TARGET_NAME}\")\n#/sd/UNIX/bin/prompt \"$X\"\n\n#osascript -e 'tell app \"Finder\"' -e 'activate' -e 'set dialogResult to display dialog \"Name to use:\" default answer \"MyName\"' -e 'set fixedUserName to text returned of dialogResult' -e 'end tell' -e 'tell app \"Xcode\"' -e 'activate' -e 'end tell'";
		};
		7BE5C6DD1894499900826BE8 /* Run Script OFF */ = {
			isa = PBXShellScriptBuildPhase;
			buildActionMask = 2147483647;
			files = (
			);
			inputPaths = (
			);
			name = "Run Script OFF";
			outputPaths = (
			);
			runOnlyForDeploymentPostprocessing = 0;
			shellPath = /bin/sh;
			shellScript = "#CACHE=\"${MODULE_CACHE_DIR}\"\n#for x in $(ls \"$CACHE\"); do rm -r \"$CACHE/$x\"; done\n#open \"${MODULE_CACHE_DIR}\"";
		};
		7BEB40E718579DD800AF7C34 /* Run Script OFF */ = {
			isa = PBXShellScriptBuildPhase;
			buildActionMask = 2147483647;
			files = (
			);
			inputPaths = (
			);
			name = "Run Script OFF";
			outputPaths = (
			);
			runOnlyForDeploymentPostprocessing = 0;
			shellPath = /bin/sh;
			shellScript = "##LIB=/Library/Frameworks\n#BUILT=\"${BUILT_PRODUCTS_DIR}/${WRAPPER_NAME}\"\n#INSTALLED=\"$LIB/${WRAPPER_NAME}\"\n\n#if [ -L \"$LIB/${WRAPPER_NAME}\" ]; then rm \"$LIB/${WRAPPER_NAME}\"; fi\n\n#sudo ln -sF \"$BUILT\" \"$LIB/\"\n#sudo chown root:wheel \"$INSTALLED\"\n\n#sudo chmod +a \"$USER allow list,search,add_file,add_subdirectory,delete_child,readattr,writeattr,readextattr,writeextattr,readsecurity,writesecurity,chown\" \"$LIB\"\n\n#sudo mkdir -p \"$INSTALLED\"\n#sudo chmod +a \"$USER allow list,search,add_file,add_subdirectory,delete_child,readattr,writeattr,readextattr,writeextattr,readsecurity,writesecurity,chown\" \"$INSTALLED\"\n\n\n# sudo ln -sF \"${BUILT_PRODUCTS_DIR}/${WRAPPER_NAME}\" \"${SDKROOT}/System/Library/Frameworks/\"";
		};
/* End PBXShellScriptBuildPhase section */

/* Begin PBXSourcesBuildPhase section */
		7B302F291896501D0050EAF7 /* Sources */ = {
			isa = PBXSourcesBuildPhase;
			buildActionMask = 2147483647;
			files = (
				7B302F3A1896501E0050EAF7 /* ModularSubLibrary.m in Sources */,
			);
			runOnlyForDeploymentPostprocessing = 0;
		};
		7BD621051903AAB8004FB78D /* Sources */ = {
			isa = PBXSourcesBuildPhase;
			buildActionMask = 2147483647;
			files = (
				7BD6211B1903AD4B004FB78D /* SubUmbrella.m in Sources */,
			);
			runOnlyForDeploymentPostprocessing = 0;
		};
		7BEB405018578E5800AF7C34 /* Sources */ = {
			isa = PBXSourcesBuildPhase;
			buildActionMask = 2147483647;
			files = (
				7BEB406B18578E5800AF7C34 /* ModularApp.m in Sources */,
			);
			runOnlyForDeploymentPostprocessing = 0;
		};
		7BEB40BB185799C500AF7C34 /* Sources */ = {
			isa = PBXSourcesBuildPhase;
			buildActionMask = 2147483647;
			files = (
				7BD6211A1903AD3E004FB78D /* ModularFramework.m in Sources */,
			);
			runOnlyForDeploymentPostprocessing = 0;
		};
/* End PBXSourcesBuildPhase section */

/* Begin PBXTargetDependency section */
		7B791B42189AA01000BA9FBA /* PBXTargetDependency */ = {
			isa = PBXTargetDependency;
			target = 7BEB40BF185799C500AF7C34 /* ModularFramework */;
			targetProxy = 7B791B41189AA01000BA9FBA /* PBXContainerItemProxy */;
		};
		7B9F08FF189454D7000F35BA /* PBXTargetDependency */ = {
			isa = PBXTargetDependency;
			target = 7BEB40BF185799C500AF7C34 /* ModularFramework */;
			targetProxy = 7B9F08FE189454D7000F35BA /* PBXContainerItemProxy */;
		};
		7BC459481AD689360097F508 /* PBXTargetDependency */ = {
			isa = PBXTargetDependency;
			target = 7B302F2C1896501D0050EAF7 /* ModularSubLibrary */;
			targetProxy = 7BC459471AD689360097F508 /* PBXContainerItemProxy */;
		};
		7BC4A0891903D11A001304AD /* PBXTargetDependency */ = {
			isa = PBXTargetDependency;
			name = SubSubUmbrella;
			targetProxy = 7BC4A0881903D11A001304AD /* PBXContainerItemProxy */;
		};
		7BD621181903AC0F004FB78D /* PBXTargetDependency */ = {
			isa = PBXTargetDependency;
			target = 7BD621021903AAB8004FB78D /* SubUmbrella */;
			targetProxy = 7BD621171903AC0F004FB78D /* PBXContainerItemProxy */;
		};
/* End PBXTargetDependency section */

/* Begin XCBuildConfiguration section */
		7B302F4F1896501E0050EAF7 /* Debug */ = {
			isa = XCBuildConfiguration;
			buildSettings = {
				COMBINE_HIDPI_IMAGES = YES;
				DEFINES_MODULE = YES;
				PRODUCT_NAME = "$(TARGET_NAME)";
			};
			name = Debug;
		};
		7B302F501896501E0050EAF7 /* Release */ = {
			isa = XCBuildConfiguration;
			buildSettings = {
				COMBINE_HIDPI_IMAGES = YES;
				DEFINES_MODULE = YES;
				PRODUCT_NAME = "$(TARGET_NAME)";
			};
			name = Release;
		};
		7B7775771899BE6F002A4CBC /* Debug */ = {
			isa = XCBuildConfiguration;
			buildSettings = {
				PRODUCT_NAME = "$(TARGET_NAME)";
			};
			name = Debug;
		};
		7B7775781899BE6F002A4CBC /* Release */ = {
			isa = XCBuildConfiguration;
			buildSettings = {
				PRODUCT_NAME = "$(TARGET_NAME)";
			};
			name = Release;
		};
		7BD621121903AAB8004FB78D /* Debug */ = {
			isa = XCBuildConfiguration;
			buildSettings = {
				COMBINE_HIDPI_IMAGES = YES;
				DEFINES_MODULE = YES;
				GCC_PREPROCESSOR_DEFINITIONS = (
					"DEBUG=1",
					"$(inherited)",
				);
				INSTALL_PATH = "@rpath";
				OTHER_LDFLAGS = (
					"-sub_umbrella",
					SubSubUmbrella,
					"-framework",
					SubSubUmbrella,
				);
				PRODUCT_NAME = SubUmbrella;
				SKIP_INSTALL = YES;
				WRAPPER_EXTENSION = framework;
			};
			name = Debug;
		};
		7BD621131903AAB8004FB78D /* Release */ = {
			isa = XCBuildConfiguration;
			buildSettings = {
				COMBINE_HIDPI_IMAGES = YES;
				DEFINES_MODULE = YES;
				INSTALL_PATH = "@rpath";
				OTHER_LDFLAGS = (
					"-sub_umbrella",
					SubSubUmbrella,
					"-framework",
					SubSubUmbrella,
				);
				PRODUCT_NAME = SubUmbrella;
				SKIP_INSTALL = YES;
				WRAPPER_EXTENSION = framework;
			};
			name = Release;
		};
		7BEB408318578E5900AF7C34 /* Debug */ = {
			isa = XCBuildConfiguration;
			buildSettings = {
				CLANG_ENABLE_MODULES = YES;
				CLANG_ENABLE_OBJC_ARC = YES;
				ONLY_ACTIVE_ARCH = YES;
				PRODUCT_NAME = "$(TARGET_NAME)";
				SDKROOT = macosx;
			};
			name = Debug;
		};
		7BEB408418578E5900AF7C34 /* Release */ = {
			isa = XCBuildConfiguration;
			buildSettings = {
				CLANG_ENABLE_MODULES = YES;
				CLANG_ENABLE_OBJC_ARC = YES;
				PRODUCT_NAME = "$(TARGET_NAME)";
				SDKROOT = macosx;
			};
			name = Release;
		};
		7BEB408618578E5900AF7C34 /* Debug */ = {
			isa = XCBuildConfiguration;
			buildSettings = {
				CLANG_MODULES_AUTOLINK = YES;
				COMBINE_HIDPI_IMAGES = YES;
				INFOPLIST_FILE = "$(TARGET_NAME)/$(TARGET_NAME)-Info.plist";
				MACOSX_DEPLOYMENT_TARGET = 10.8;
				WRAPPER_EXTENSION = app;
			};
			name = Debug;
		};
		7BEB408718578E5900AF7C34 /* Release */ = {
			isa = XCBuildConfiguration;
			buildSettings = {
				CLANG_MODULES_AUTOLINK = YES;
				COMBINE_HIDPI_IMAGES = YES;
				INFOPLIST_FILE = "$(TARGET_NAME)/$(TARGET_NAME)-Info.plist";
				MACOSX_DEPLOYMENT_TARGET = 10.8;
				WRAPPER_EXTENSION = app;
			};
			name = Release;
		};
		7BEB40DF185799C900AF7C34 /* Debug */ = {
			isa = XCBuildConfiguration;
			buildSettings = {
				COMBINE_HIDPI_IMAGES = YES;
				DEFINES_MODULE = YES;
				DSTROOT = "$(HOME)";
				DYLIB_INSTALL_NAME_BASE = "@rpath";
				GCC_PREPROCESSOR_DEFINITIONS = (
					"DEBUG=1",
					"$(inherited)",
				);
				INFOPLIST_FILE = "$(TARGET_NAME)/$(TARGET_NAME)-Info.plist";
				INSTALL_PATH = /Library/Frameworks;
				LD_RUNPATH_SEARCH_PATHS = "@loader_path/Frameworks";
				OTHER_LDFLAGS = (
					"-framework",
					SubUmbrella,
					"-sub_umbrella",
					SubUmbrella,
				);
				WRAPPER_EXTENSION = framework;
			};
			name = Debug;
		};
		7BEB40E0185799C900AF7C34 /* Release */ = {
			isa = XCBuildConfiguration;
			buildSettings = {
				COMBINE_HIDPI_IMAGES = YES;
				DEFINES_MODULE = YES;
				DSTROOT = "$(HOME)";
				DYLIB_INSTALL_NAME_BASE = "@rpath";
				INFOPLIST_FILE = "$(TARGET_NAME)/$(TARGET_NAME)-Info.plist";
				INSTALL_PATH = /Library/Frameworks;
				LD_RUNPATH_SEARCH_PATHS = "@loader_path/Frameworks";
				OTHER_LDFLAGS = (
					"-framework",
					SubUmbrella,
					"-sub_umbrella",
					SubUmbrella,
				);
				WRAPPER_EXTENSION = framework;
			};
			name = Release;
		};
/* End XCBuildConfiguration section */

/* Begin XCConfigurationList section */
		7B302F4E1896501E0050EAF7 /* Build configuration list for PBXNativeTarget "ModularSubLibrary" */ = {
			isa = XCConfigurationList;
			buildConfigurations = (
				7B302F4F1896501E0050EAF7 /* Debug */,
				7B302F501896501E0050EAF7 /* Release */,
			);
			defaultConfigurationIsVisible = 0;
			defaultConfigurationName = Release;
		};
		7B7775761899BE6F002A4CBC /* Build configuration list for PBXAggregateTarget "ModularCLI" */ = {
			isa = XCConfigurationList;
			buildConfigurations = (
				7B7775771899BE6F002A4CBC /* Debug */,
				7B7775781899BE6F002A4CBC /* Release */,
			);
			defaultConfigurationIsVisible = 0;
			defaultConfigurationName = Release;
		};
		7BD621111903AAB8004FB78D /* Build configuration list for PBXNativeTarget "SubUmbrella" */ = {
			isa = XCConfigurationList;
			buildConfigurations = (
				7BD621121903AAB8004FB78D /* Debug */,
				7BD621131903AAB8004FB78D /* Release */,
			);
			defaultConfigurationIsVisible = 0;
			defaultConfigurationName = Release;
		};
		7BEB404F18578E5800AF7C34 /* Build configuration list for PBXProject "ObjC-Clang-Modules" */ = {
			isa = XCConfigurationList;
			buildConfigurations = (
				7BEB408318578E5900AF7C34 /* Debug */,
				7BEB408418578E5900AF7C34 /* Release */,
			);
			defaultConfigurationIsVisible = 0;
			defaultConfigurationName = Release;
		};
		7BEB408518578E5900AF7C34 /* Build configuration list for PBXNativeTarget "ModularApp" */ = {
			isa = XCConfigurationList;
			buildConfigurations = (
				7BEB408618578E5900AF7C34 /* Debug */,
				7BEB408718578E5900AF7C34 /* Release */,
			);
			defaultConfigurationIsVisible = 0;
			defaultConfigurationName = Release;
		};
		7BEB40DE185799C900AF7C34 /* Build configuration list for PBXNativeTarget "ModularFramework" */ = {
			isa = XCConfigurationList;
			buildConfigurations = (
				7BEB40DF185799C900AF7C34 /* Debug */,
				7BEB40E0185799C900AF7C34 /* Release */,
			);
			defaultConfigurationIsVisible = 0;
			defaultConfigurationName = Release;
		};
/* End XCConfigurationList section */
	};
	rootObject = 7BEB404C18578E5800AF7C34 /* Project object */;
}
